
Microsoft Visual Studio Solution File, Format Version 12.00
# Visual Studio Version 17
VisualStudioVersion = 17.4.33122.133
MinimumVisualStudioVersion = 10.0.40219.1
Project("{FAE04EC0-301F-11D3-BF4B-00C04F79EFBC}") = "LakesideAPI", "LakesideAPI\LakesideAPI.csproj", "{534C29F5-4427-45CC-BE25-028C1D26CB8F}"
EndProject
Global
	GlobalSection(SolutionConfigurationPlatforms) = preSolution
		Debug|Any CPU = Debug|Any CPU
		Release|Any CPU = Release|Any CPU
	EndGlobalSection
	GlobalSection(ProjectConfigurationPlatforms) = postSolution
		{534C29F5-4427-45CC-BE25-028C1D26CB8F}.Debug|Any CPU.ActiveCfg = Debug|Any CPU
		{534C29F5-4427-45CC-BE25-028C1D26CB8F}.Debug|Any CPU.Build.0 = Debug|Any CPU
		{534C29F5-4427-45CC-BE25-028C1D26CB8F}.Release|Any CPU.ActiveCfg = Release|Any CPU
		{534C29F5-4427-45CC-BE25-028C1D26CB8F}.Release|Any CPU.Build.0 = Release|Any CPU
	EndGlobalSection
	GlobalSection(SolutionProperties) = preSolution
		HideSolutionNode = FALSE
	EndGlobalSection
	GlobalSection(ExtensibilityGlobals) = postSolution
		SolutionGuid = {C3F38F48-4F6F-47ED-96B0-712B7AA48BB9}
	EndGlobalSection
EndGlobal
